
Microsoft Visual Studio Solution File, Format Version 12.00
# Visual Studio Version 17
VisualStudioVersion = 17.5.002.0
MinimumVisualStudioVersion = 10.0.40219.1
Project("{9A19103F-16F7-4668-BE54-9A1E7A4F7556}") = "backend", "backend\backend.csproj", "{0471856D-8995-4E8B-BC41-1E43854DF889}"
EndProject
Global
	GlobalSection(SolutionConfigurationPlatforms) = preSolution
		Debug|Any CPU = Debug|Any CPU
		Release|Any CPU = Release|Any CPU
	EndGlobalSection
	GlobalSection(ProjectConfigurationPlatforms) = postSolution
		{0471856D-8995-4E8B-BC41-1E43854DF889}.Debug|Any CPU.ActiveCfg = Debug|Any CPU
		{0471856D-8995-4E8B-BC41-1E43854DF889}.Debug|Any CPU.Build.0 = Debug|Any CPU
		{0471856D-8995-4E8B-BC41-1E43854DF889}.Release|Any CPU.ActiveCfg = Release|Any CPU
		{0471856D-8995-4E8B-BC41-1E43854DF889}.Release|Any CPU.Build.0 = Release|Any CPU
	EndGlobalSection
	GlobalSection(SolutionProperties) = preSolution
		HideSolutionNode = FALSE
	EndGlobalSection
	GlobalSection(ExtensibilityGlobals) = postSolution
		SolutionGuid = {3CD01406-3D0A-4744-9F14-C32ACC9B5D5E}
	EndGlobalSection
EndGlobal
